
Microsoft Visual Studio Solution File, Format Version 12.00
# Visual Studio Version 17
VisualStudioVersion = 17.1.31911.260
MinimumVisualStudioVersion = 10.0.40219.1
Project("{9A19103F-16F7-4668-BE54-9A1E7A4F7556}") = "VaultDemo.Api", "src\VaultDemo.Api\VaultDemo.Api.csproj", "{1ACD59A8-A81A-412C-8A09-F05C5A4035C2}"
EndProject
Global
	GlobalSection(SolutionConfigurationPlatforms) = preSolution
		Debug|Any CPU = Debug|Any CPU
		Release|Any CPU = Release|Any CPU
	EndGlobalSection
	GlobalSection(ProjectConfigurationPlatforms) = postSolution
		{1ACD59A8-A81A-412C-8A09-F05C5A4035C2}.Debug|Any CPU.ActiveCfg = Debug|Any CPU
		{1ACD59A8-A81A-412C-8A09-F05C5A4035C2}.Debug|Any CPU.Build.0 = Debug|Any CPU
		{1ACD59A8-A81A-412C-8A09-F05C5A4035C2}.Release|Any CPU.ActiveCfg = Release|Any CPU
		{1ACD59A8-A81A-412C-8A09-F05C5A4035C2}.Release|Any CPU.Build.0 = Release|Any CPU
	EndGlobalSection
	GlobalSection(SolutionProperties) = preSolution
		HideSolutionNode = FALSE
	EndGlobalSection
	GlobalSection(ExtensibilityGlobals) = postSolution
		SolutionGuid = {FF218518-D9C1-47BB-B6D5-6AF73BC3DC75}
	EndGlobalSection
EndGlobal
